// !$*UTF8*$!
{
	archiveVersion = 1;
	classes = {
	};
	objectVersion = 46;
	objects = {

/* Begin PBXBuildFile section */
		8EA699F11C913C980021F466 /* AppDelegate.swift in Sources */ = {isa = PBXBuildFile; fileRef = 8EA699F01C913C980021F466 /* AppDelegate.swift */; };
		8EA699F31C913C980021F466 /* ViewController.swift in Sources */ = {isa = PBXBuildFile; fileRef = 8EA699F21C913C980021F466 /* ViewController.swift */; };
		8EA699F61C913C980021F466 /* Main.storyboard in Resources */ = {isa = PBXBuildFile; fileRef = 8EA699F41C913C980021F466 /* Main.storyboard */; };
		8EA699F91C913C980021F466 /* Virtual_Tourist_Udacity.xcdatamodeld in Sources */ = {isa = PBXBuildFile; fileRef = 8EA699F71C913C980021F466 /* Virtual_Tourist_Udacity.xcdatamodeld */; };
		8EA699FB1C913C980021F466 /* Assets.xcassets in Resources */ = {isa = PBXBuildFile; fileRef = 8EA699FA1C913C980021F466 /* Assets.xcassets */; };
		8EA699FE1C913C980021F466 /* LaunchScreen.storyboard in Resources */ = {isa = PBXBuildFile; fileRef = 8EA699FC1C913C980021F466 /* LaunchScreen.storyboard */; };
		8EA69A091C913C980021F466 /* Virtual_Tourist_UdacityTests.swift in Sources */ = {isa = PBXBuildFile; fileRef = 8EA69A081C913C980021F466 /* Virtual_Tourist_UdacityTests.swift */; };
		8EA69A141C913C980021F466 /* Virtual_Tourist_UdacityUITests.swift in Sources */ = {isa = PBXBuildFile; fileRef = 8EA69A131C913C980021F466 /* Virtual_Tourist_UdacityUITests.swift */; };
/* End PBXBuildFile section */

/* Begin PBXContainerItemProxy section */
		8EA69A051C913C980021F466 /* PBXContainerItemProxy */ = {
			isa = PBXContainerItemProxy;
			containerPortal = 8EA699E51C913C980021F466 /* Project object */;
			proxyType = 1;
			remoteGlobalIDString = 8EA699EC1C913C980021F466;
			remoteInfo = "Virtual Tourist Udacity";
		};
		8EA69A101C913C980021F466 /* PBXContainerItemProxy */ = {
			isa = PBXContainerItemProxy;
			containerPortal = 8EA699E51C913C980021F466 /* Project object */;
			proxyType = 1;
			remoteGlobalIDString = 8EA699EC1C913C980021F466;
			remoteInfo = "Virtual Tourist Udacity";
		};
/* End PBXContainerItemProxy section */

/* Begin PBXFileReference section */
		8EA699ED1C913C980021F466 /* Virtual Tourist Udacity.app */ = {isa = PBXFileReference; explicitFileType = wrapper.application; includeInIndex = 0; path = "Virtual Tourist Udacity.app"; sourceTree = BUILT_PRODUCTS_DIR; };
		8EA699F01C913C980021F466 /* AppDelegate.swift */ = {isa = PBXFileReference; lastKnownFileType = sourcecode.swift; path = AppDelegate.swift; sourceTree = "<group>"; };
		8EA699F21C913C980021F466 /* ViewController.swift */ = {isa = PBXFileReference; lastKnownFileType = sourcecode.swift; path = ViewController.swift; sourceTree = "<group>"; };
		8EA699F51C913C980021F466 /* Base */ = {isa = PBXFileReference; lastKnownFileType = file.storyboard; name = Base; path = Base.lproj/Main.storyboard; sourceTree = "<group>"; };
		8EA699F81C913C980021F466 /* Virtual_Tourist_Udacity.xcdatamodel */ = {isa = PBXFileReference; lastKnownFileType = wrapper.xcdatamodel; path = Virtual_Tourist_Udacity.xcdatamodel; sourceTree = "<group>"; };
		8EA699FA1C913C980021F466 /* Assets.xcassets */ = {isa = PBXFileReference; lastKnownFileType = folder.assetcatalog; path = Assets.xcassets; sourceTree = "<group>"; };
		8EA699FD1C913C980021F466 /* Base */ = {isa = PBXFileReference; lastKnownFileType = file.storyboard; name = Base; path = Base.lproj/LaunchScreen.storyboard; sourceTree = "<group>"; };
		8EA699FF1C913C980021F466 /* Info.plist */ = {isa = PBXFileReference; lastKnownFileType = text.plist.xml; path = Info.plist; sourceTree = "<group>"; };
		8EA69A041C913C980021F466 /* Virtual Tourist UdacityTests.xctest */ = {isa = PBXFileReference; explicitFileType = wrapper.cfbundle; includeInIndex = 0; path = "Virtual Tourist UdacityTests.xctest"; sourceTree = BUILT_PRODUCTS_DIR; };
		8EA69A081C913C980021F466 /* Virtual_Tourist_UdacityTests.swift */ = {isa = PBXFileReference; lastKnownFileType = sourcecode.swift; path = Virtual_Tourist_UdacityTests.swift; sourceTree = "<group>"; };
		8EA69A0A1C913C980021F466 /* Info.plist */ = {isa = PBXFileReference; lastKnownFileType = text.plist.xml; path = Info.plist; sourceTree = "<group>"; };
		8EA69A0F1C913C980021F466 /* Virtual Tourist UdacityUITests.xctest */ = {isa = PBXFileReference; explicitFileType = wrapper.cfbundle; includeInIndex = 0; path = "Virtual Tourist UdacityUITests.xctest"; sourceTree = BUILT_PRODUCTS_DIR; };
		8EA69A131C913C980021F466 /* Virtual_Tourist_UdacityUITests.swift */ = {isa = PBXFileReference; lastKnownFileType = sourcecode.swift; path = Virtual_Tourist_UdacityUITests.swift; sourceTree = "<group>"; };
		8EA69A151C913C980021F466 /* Info.plist */ = {isa = PBXFileReference; lastKnownFileType = text.plist.xml; path = Info.plist; sourceTree = "<group>"; };
/* End PBXFileReference section */

/* Begin PBXFrameworksBuildPhase section */
		8EA699EA1C913C980021F466 /* Frameworks */ = {
			isa = PBXFrameworksBuildPhase;
			buildActionMask = 2147483647;
			files = (
			);
			runOnlyForDeploymentPostprocessing = 0;
		};
		8EA69A011C913C980021F466 /* Frameworks */ = {
			isa = PBXFrameworksBuildPhase;
			buildActionMask = 2147483647;
			files = (
			);
			runOnlyForDeploymentPostprocessing = 0;
		};
		8EA69A0C1C913C980021F466 /* Frameworks */ = {
			isa = PBXFrameworksBuildPhase;
			buildActionMask = 2147483647;
			files = (
			);
			runOnlyForDeploymentPostprocessing = 0;
		};
/* End PBXFrameworksBuildPhase section */

/* Begin PBXGroup section */
		8EA699E41C913C980021F466 = {
			isa = PBXGroup;
			children = (
				8EA699EF1C913C980021F466 /* Virtual Tourist Udacity */,
				8EA69A071C913C980021F466 /* Virtual Tourist UdacityTests */,
				8EA69A121C913C980021F466 /* Virtual Tourist UdacityUITests */,
				8EA699EE1C913C980021F466 /* Products */,
			);
			sourceTree = "<group>";
		};
		8EA699EE1C913C980021F466 /* Products */ = {
			isa = PBXGroup;
			children = (
				8EA699ED1C913C980021F466 /* Virtual Tourist Udacity.app */,
				8EA69A041C913C980021F466 /* Virtual Tourist UdacityTests.xctest */,
				8EA69A0F1C913C980021F466 /* Virtual Tourist UdacityUITests.xctest */,
			);
			name = Products;
			sourceTree = "<group>";
		};
		8EA699EF1C913C980021F466 /* Virtual Tourist Udacity */ = {
			isa = PBXGroup;
			children = (
				8EA699F01C913C980021F466 /* AppDelegate.swift */,
				8EA699F21C913C980021F466 /* ViewController.swift */,
				8EA699F41C913C980021F466 /* Main.storyboard */,
				8EA699FA1C913C980021F466 /* Assets.xcassets */,
				8EA699FC1C913C980021F466 /* LaunchScreen.storyboard */,
				8EA699FF1C913C980021F466 /* Info.plist */,
				8EA699F71C913C980021F466 /* Virtual_Tourist_Udacity.xcdatamodeld */,
			);
			path = "Virtual Tourist Udacity";
			sourceTree = "<group>";
		};
		8EA69A071C913C980021F466 /* Virtual Tourist UdacityTests */ = {
			isa = PBXGroup;
			children = (
				8EA69A081C913C980021F466 /* Virtual_Tourist_UdacityTests.swift */,
				8EA69A0A1C913C980021F466 /* Info.plist */,
			);
			path = "Virtual Tourist UdacityTests";
			sourceTree = "<group>";
		};
		8EA69A121C913C980021F466 /* Virtual Tourist UdacityUITests */ = {
			isa = PBXGroup;
			children = (
				8EA69A131C913C980021F466 /* Virtual_Tourist_UdacityUITests.swift */,
				8EA69A151C913C980021F466 /* Info.plist */,
			);
			path = "Virtual Tourist UdacityUITests";
			sourceTree = "<group>";
		};
/* End PBXGroup section */

/* Begin PBXNativeTarget section */
		8EA699EC1C913C980021F466 /* Virtual Tourist Udacity */ = {
			isa = PBXNativeTarget;
			buildConfigurationList = 8EA69A181C913C980021F466 /* Build configuration list for PBXNativeTarget "Virtual Tourist Udacity" */;
			buildPhases = (
				8EA699E91C913C980021F466 /* Sources */,
				8EA699EA1C913C980021F466 /* Frameworks */,
				8EA699EB1C913C980021F466 /* Resources */,
			);
			buildRules = (
			);
			dependencies = (
			);
			name = "Virtual Tourist Udacity";
			productName = "Virtual Tourist Udacity";
			productReference = 8EA699ED1C913C980021F466 /* Virtual Tourist Udacity.app */;
			productType = "com.apple.product-type.application";
		};
		8EA69A031C913C980021F466 /* Virtual Tourist UdacityTests */ = {
			isa = PBXNativeTarget;
			buildConfigurationList = 8EA69A1B1C913C980021F466 /* Build configuration list for PBXNativeTarget "Virtual Tourist UdacityTests" */;
			buildPhases = (
				8EA69A001C913C980021F466 /* Sources */,
				8EA69A011C913C980021F466 /* Frameworks */,
				8EA69A021C913C980021F466 /* Resources */,
			);
			buildRules = (
			);
			dependencies = (
				8EA69A061C913C980021F466 /* PBXTargetDependency */,
			);
			name = "Virtual Tourist UdacityTests";
			productName = "Virtual Tourist UdacityTests";
			productReference = 8EA69A041C913C980021F466 /* Virtual Tourist UdacityTests.xctest */;
			productType = "com.apple.product-type.bundle.unit-test";
		};
		8EA69A0E1C913C980021F466 /* Virtual Tourist UdacityUITests */ = {
			isa = PBXNativeTarget;
			buildConfigurationList = 8EA69A1E1C913C980021F466 /* Build configuration list for PBXNativeTarget "Virtual Tourist UdacityUITests" */;
			buildPhases = (
				8EA69A0B1C913C980021F466 /* Sources */,
				8EA69A0C1C913C980021F466 /* Frameworks */,
				8EA69A0D1C913C980021F466 /* Resources */,
			);
			buildRules = (
			);
			dependencies = (
				8EA69A111C913C980021F466 /* PBXTargetDependency */,
			);
			name = "Virtual Tourist UdacityUITests";
			productName = "Virtual Tourist UdacityUITests";
			productReference = 8EA69A0F1C913C980021F466 /* Virtual Tourist UdacityUITests.xctest */;
			productType = "com.apple.product-type.bundle.ui-testing";
		};
/* End PBXNativeTarget section */

/* Begin PBXProject section */
		8EA699E51C913C980021F466 /* Project object */ = {
			isa = PBXProject;
			attributes = {
				LastSwiftUpdateCheck = 0720;
				LastUpgradeCheck = 0720;
				ORGANIZATIONNAME = "Gabriele Gort";
				TargetAttributes = {
					8EA699EC1C913C980021F466 = {
						CreatedOnToolsVersion = 7.2.1;
					};
					8EA69A031C913C980021F466 = {
						CreatedOnToolsVersion = 7.2.1;
						TestTargetID = 8EA699EC1C913C980021F466;
					};
					8EA69A0E1C913C980021F466 = {
						CreatedOnToolsVersion = 7.2.1;
						TestTargetID = 8EA699EC1C913C980021F466;
					};
				};
			};
			buildConfigurationList = 8EA699E81C913C980021F466 /* Build configuration list for PBXProject "Virtual Tourist Udacity" */;
			compatibilityVersion = "Xcode 3.2";
			developmentRegion = English;
			hasScannedForEncodings = 0;
			knownRegions = (
				en,
				Base,
			);
			mainGroup = 8EA699E41C913C980021F466;
			productRefGroup = 8EA699EE1C913C980021F466 /* Products */;
			projectDirPath = "";
			projectRoot = "";
			targets = (
				8EA699EC1C913C980021F466 /* Virtual Tourist Udacity */,
				8EA69A031C913C980021F466 /* Virtual Tourist UdacityTests */,
				8EA69A0E1C913C980021F466 /* Virtual Tourist UdacityUITests */,
			);
		};
/* End PBXProject section */

/* Begin PBXResourcesBuildPhase section */
		8EA699EB1C913C980021F466 /* Resources */ = {
			isa = PBXResourcesBuildPhase;
			buildActionMask = 2147483647;
			files = (
				8EA699FE1C913C980021F466 /* LaunchScreen.storyboard in Resources */,
				8EA699FB1C913C980021F466 /* Assets.xcassets in Resources */,
				8EA699F61C913C980021F466 /* Main.storyboard in Resources */,
			);
			runOnlyForDeploymentPostprocessing = 0;
		};
		8EA69A021C913C980021F466 /* Resources */ = {
			isa = PBXResourcesBuildPhase;
			buildActionMask = 2147483647;
			files = (
			);
			runOnlyForDeploymentPostprocessing = 0;
		};
		8EA69A0D1C913C980021F466 /* Resources */ = {
			isa = PBXResourcesBuildPhase;
			buildActionMask = 2147483647;
			files = (
			);
			runOnlyForDeploymentPostprocessing = 0;
		};
/* End PBXResourcesBuildPhase section */

/* Begin PBXSourcesBuildPhase section */
		8EA699E91C913C980021F466 /* Sources */ = {
			isa = PBXSourcesBuildPhase;
			buildActionMask = 2147483647;
			files = (
				8EA699F31C913C980021F466 /* ViewController.swift in Sources */,
				8EA699F91C913C980021F466 /* Virtual_Tourist_Udacity.xcdatamodeld in Sources */,
				8EA699F11C913C980021F466 /* AppDelegate.swift in Sources */,
			);
			runOnlyForDeploymentPostprocessing = 0;
		};
		8EA69A001C913C980021F466 /* Sources */ = {
			isa = PBXSourcesBuildPhase;
			buildActionMask = 2147483647;
			files = (
				8EA69A091C913C980021F466 /* Virtual_Tourist_UdacityTests.swift in Sources */,
			);
			runOnlyForDeploymentPostprocessing = 0;
		};
		8EA69A0B1C913C980021F466 /* Sources */ = {
			isa = PBXSourcesBuildPhase;
			buildActionMask = 2147483647;
			files = (
				8EA69A141C913C980021F466 /* Virtual_Tourist_UdacityUITests.swift in Sources */,
			);
			runOnlyForDeploymentPostprocessing = 0;
		};
/* End PBXSourcesBuildPhase section */

/* Begin PBXTargetDependency section */
		8EA69A061C913C980021F466 /* PBXTargetDependency */ = {
			isa = PBXTargetDependency;
			target = 8EA699EC1C913C980021F466 /* Virtual Tourist Udacity */;
			targetProxy = 8EA69A051C913C980021F466 /* PBXContainerItemProxy */;
		};
		8EA69A111C913C980021F466 /* PBXTargetDependency */ = {
			isa = PBXTargetDependency;
			target = 8EA699EC1C913C980021F466 /* Virtual Tourist Udacity */;
			targetProxy = 8EA69A101C913C980021F466 /* PBXContainerItemProxy */;
		};
/* End PBXTargetDependency section */

/* Begin PBXVariantGroup section */
		8EA699F41C913C980021F466 /* Main.storyboard */ = {
			isa = PBXVariantGroup;
			children = (
				8EA699F51C913C980021F466 /* Base */,
			);
			name = Main.storyboard;
			sourceTree = "<group>";
		};
		8EA699FC1C913C980021F466 /* LaunchScreen.storyboard */ = {
			isa = PBXVariantGroup;
			children = (
				8EA699FD1C913C980021F466 /* Base */,
			);
			name = LaunchScreen.storyboard;
			sourceTree = "<group>";
		};
/* End PBXVariantGroup section */

/* Begin XCBuildConfiguration section */
		8EA69A161C913C980021F466 /* Debug */ = {
			isa = XCBuildConfiguration;
			buildSettings = {
				ALWAYS_SEARCH_USER_PATHS = NO;
				CLANG_CXX_LANGUAGE_STANDARD = "gnu++0x";
				CLANG_CXX_LIBRARY = "libc++";
				CLANG_ENABLE_MODULES = YES;
				CLANG_ENABLE_OBJC_ARC = YES;
				CLANG_WARN_BOOL_CONVERSION = YES;
				CLANG_WARN_CONSTANT_CONVERSION = YES;
				CLANG_WARN_DIRECT_OBJC_ISA_USAGE = YES_ERROR;
				CLANG_WARN_EMPTY_BODY = YES;
				CLANG_WARN_ENUM_CONVERSION = YES;
				CLANG_WARN_INT_CONVERSION = YES;
				CLANG_WARN_OBJC_ROOT_CLASS = YES_ERROR;
				CLANG_WARN_UNREACHABLE_CODE = YES;
				CLANG_WARN__DUPLICATE_METHOD_MATCH = YES;
				"CODE_SIGN_IDENTITY[sdk=iphoneos*]" = "iPhone Developer";
				COPY_PHASE_STRIP = NO;
				DEBUG_INFORMATION_FORMAT = dwarf;
				ENABLE_STRICT_OBJC_MSGSEND = YES;
				ENABLE_TESTABILITY = YES;
				GCC_C_LANGUAGE_STANDARD = gnu99;
				GCC_DYNAMIC_NO_PIC = NO;
				GCC_NO_COMMON_BLOCKS = YES;
				GCC_OPTIMIZATION_LEVEL = 0;
				GCC_PREPROCESSOR_DEFINITIONS = (
					"DEBUG=1",
					"$(inherited)",
				);
				GCC_WARN_64_TO_32_BIT_CONVERSION = YES;
				GCC_WARN_ABOUT_RETURN_TYPE = YES_ERROR;
				GCC_WARN_UNDECLARED_SELECTOR = YES;
				GCC_WARN_UNINITIALIZED_AUTOS = YES_AGGRESSIVE;
				GCC_WARN_UNUSED_FUNCTION = YES;
				GCC_WARN_UNUSED_VARIABLE = YES;
				IPHONEOS_DEPLOYMENT_TARGET = 9.2;
				MTL_ENABLE_DEBUG_INFO = YES;
				ONLY_ACTIVE_ARCH = YES;
				SDKROOT = iphoneos;
				SWIFT_OPTIMIZATION_LEVEL = "-Onone";
			};
			name = Debug;
		};
		8EA69A171C913C980021F466 /* Release */ = {
			isa = XCBuildConfiguration;
			buildSettings = {
				ALWAYS_SEARCH_USER_PATHS = NO;
				CLANG_CXX_LANGUAGE_STANDARD = "gnu++0x";
				CLANG_CXX_LIBRARY = "libc++";
				CLANG_ENABLE_MODULES = YES;
				CLANG_ENABLE_OBJC_ARC = YES;
				CLANG_WARN_BOOL_CONVERSION = YES;
				CLANG_WARN_CONSTANT_CONVERSION = YES;
				CLANG_WARN_DIRECT_OBJC_ISA_USAGE = YES_ERROR;
				CLANG_WARN_EMPTY_BODY = YES;
				CLANG_WARN_ENUM_CONVERSION = YES;
				CLANG_WARN_INT_CONVERSION = YES;
				CLANG_WARN_OBJC_ROOT_CLASS = YES_ERROR;
				CLANG_WARN_UNREACHABLE_CODE = YES;
				CLANG_WARN__DUPLICATE_METHOD_MATCH = YES;
				"CODE_SIGN_IDENTITY[sdk=iphoneos*]" = "iPhone Developer";
				COPY_PHASE_STRIP = NO;
				DEBUG_INFORMATION_FORMAT = "dwarf-with-dsym";
				ENABLE_NS_ASSERTIONS = NO;
				ENABLE_STRICT_OBJC_MSGSEND = YES;
				GCC_C_LANGUAGE_STANDARD = gnu99;
				GCC_NO_COMMON_BLOCKS = YES;
				GCC_WARN_64_TO_32_BIT_CONVERSION = YES;
				GCC_WARN_ABOUT_RETURN_TYPE = YES_ERROR;
				GCC_WARN_UNDECLARED_SELECTOR = YES;
				GCC_WARN_UNINITIALIZED_AUTOS = YES_AGGRESSIVE;
				GCC_WARN_UNUSED_FUNCTION = YES;
				GCC_WARN_UNUSED_VARIABLE = YES;
				IPHONEOS_DEPLOYMENT_TARGET = 9.2;
				MTL_ENABLE_DEBUG_INFO = NO;
				SDKROOT = iphoneos;
				VALIDATE_PRODUCT = YES;
			};
			name = Release;
		};
		8EA69A191C913C980021F466 /* Debug */ = {
			isa = XCBuildConfiguration;
			buildSettings = {
				ASSETCATALOG_COMPILER_APPICON_NAME = AppIcon;
				INFOPLIST_FILE = "Virtual Tourist Udacity/Info.plist";
				LD_RUNPATH_SEARCH_PATHS = "$(inherited) @executable_path/Frameworks";
				PRODUCT_BUNDLE_IDENTIFIER = "com.gabrielegort.Virtual-Tourist-Udacity";
				PRODUCT_NAME = "$(TARGET_NAME)";
			};
			name = Debug;
		};
		8EA69A1A1C913C980021F466 /* Release */ = {
			isa = XCBuildConfiguration;
			buildSettings = {
				ASSETCATALOG_COMPILER_APPICON_NAME = AppIcon;
				INFOPLIST_FILE = "Virtual Tourist Udacity/Info.plist";
				LD_RUNPATH_SEARCH_PATHS = "$(inherited) @executable_path/Frameworks";
				PRODUCT_BUNDLE_IDENTIFIER = "com.gabrielegort.Virtual-Tourist-Udacity";
				PRODUCT_NAME = "$(TARGET_NAME)";
			};
			name = Release;
		};
		8EA69A1C1C913C980021F466 /* Debug */ = {
			isa = XCBuildConfiguration;
			buildSettings = {
				BUNDLE_LOADER = "$(TEST_HOST)";
				INFOPLIST_FILE = "Virtual Tourist UdacityTests/Info.plist";
				LD_RUNPATH_SEARCH_PATHS = "$(inherited) @executable_path/Frameworks @loader_path/Frameworks";
				PRODUCT_BUNDLE_IDENTIFIER = "com.gabrielegort.Virtual-Tourist-UdacityTests";
				PRODUCT_NAME = "$(TARGET_NAME)";
				TEST_HOST = "$(BUILT_PRODUCTS_DIR)/Virtual Tourist Udacity.app/Virtual Tourist Udacity";
			};
			name = Debug;
		};
		8EA69A1D1C913C980021F466 /* Release */ = {
			isa = XCBuildConfiguration;
			buildSettings = {
				BUNDLE_LOADER = "$(TEST_HOST)";
				INFOPLIST_FILE = "Virtual Tourist UdacityTests/Info.plist";
				LD_RUNPATH_SEARCH_PATHS = "$(inherited) @executable_path/Frameworks @loader_path/Frameworks";
				PRODUCT_BUNDLE_IDENTIFIER = "com.gabrielegort.Virtual-Tourist-UdacityTests";
				PRODUCT_NAME = "$(TARGET_NAME)";
				TEST_HOST = "$(BUILT_PRODUCTS_DIR)/Virtual Tourist Udacity.app/Virtual Tourist Udacity";
			};
			name = Release;
		};
		8EA69A1F1C913C980021F466 /* Debug */ = {
			isa = XCBuildConfiguration;
			buildSettings = {
				INFOPLIST_FILE = "Virtual Tourist UdacityUITests/Info.plist";
				LD_RUNPATH_SEARCH_PATHS = "$(inherited) @executable_path/Frameworks @loader_path/Frameworks";
				PRODUCT_BUNDLE_IDENTIFIER = "com.gabrielegort.Virtual-Tourist-UdacityUITests";
				PRODUCT_NAME = "$(TARGET_NAME)";
				TEST_TARGET_NAME = "Virtual Tourist Udacity";
				USES_XCTRUNNER = YES;
			};
			name = Debug;
		};
		8EA69A201C913C980021F466 /* Release */ = {
			isa = XCBuildConfiguration;
			buildSettings = {
				INFOPLIST_FILE = "Virtual Tourist UdacityUITests/Info.plist";
				LD_RUNPATH_SEARCH_PATHS = "$(inherited) @executable_path/Frameworks @loader_path/Frameworks";
				PRODUCT_BUNDLE_IDENTIFIER = "com.gabrielegort.Virtual-Tourist-UdacityUITests";
				PRODUCT_NAME = "$(TARGET_NAME)";
				TEST_TARGET_NAME = "Virtual Tourist Udacity";
				USES_XCTRUNNER = YES;
			};
			name = Release;
		};
/* End XCBuildConfiguration section */

/* Begin XCConfigurationList section */
		8EA699E81C913C980021F466 /* Build configuration list for PBXProject "Virtual Tourist Udacity" */ = {
			isa = XCConfigurationList;
			buildConfigurations = (
				8EA69A161C913C980021F466 /* Debug */,
				8EA69A171C913C980021F466 /* Release */,
			);
			defaultConfigurationIsVisible = 0;
			defaultConfigurationName = Release;
		};
		8EA69A181C913C980021F466 /* Build configuration list for PBXNativeTarget "Virtual Tourist Udacity" */ = {
			isa = XCConfigurationList;
			buildConfigurations = (
				8EA69A191C913C980021F466 /* Debug */,
				8EA69A1A1C913C980021F466 /* Release */,
			);
			defaultConfigurationIsVisible = 0;
		};
		8EA69A1B1C913C980021F466 /* Build configuration list for PBXNativeTarget "Virtual Tourist UdacityTests" */ = {
			isa = XCConfigurationList;
			buildConfigurations = (
				8EA69A1C1C913C980021F466 /* Debug */,
				8EA69A1D1C913C980021F466 /* Release */,
			);
			defaultConfigurationIsVisible = 0;
		};
		8EA69A1E1C913C980021F466 /* Build configuration list for PBXNativeTarget "Virtual Tourist UdacityUITests" */ = {
			isa = XCConfigurationList;
			buildConfigurations = (
				8EA69A1F1C913C980021F466 /* Debug */,
				8EA69A201C913C980021F466 /* Release */,
			);
			defaultConfigurationIsVisible = 0;
		};
/* End XCConfigurationList section */

/* Begin XCVersionGroup section */
		8EA699F71C913C980021F466 /* Virtual_Tourist_Udacity.xcdatamodeld */ = {
			isa = XCVersionGroup;
			children = (
				8EA699F81C913C980021F466 /* Virtual_Tourist_Udacity.xcdatamodel */,
			);
			currentVersion = 8EA699F81C913C980021F466 /* Virtual_Tourist_Udacity.xcdatamodel */;
			path = Virtual_Tourist_Udacity.xcdatamodeld;
			sourceTree = "<group>";
			versionGroupType = wrapper.xcdatamodel;
		};
/* End XCVersionGroup section */
	};
	rootObject = 8EA699E51C913C980021F466 /* Project object */;
}
