// !$*UTF8*$!
{
	archiveVersion = 1;
	classes = {
	};
	objectVersion = 46;
	objects = {

/* Begin PBXBuildFile section */
		8E0CB1511C99E6E600608BC0 /* Photo.swift in Sources */ = {isa = PBXBuildFile; fileRef = 8E0CB1501C99E6E600608BC0 /* Photo.swift */; };
		8E0CB1531C99E9E600608BC0 /* PendingPhotoDownloads.swift in Sources */ = {isa = PBXBuildFile; fileRef = 8E0CB1521C99E9E600608BC0 /* PendingPhotoDownloads.swift */; };
		8E0CB1551C99EA8F00608BC0 /* PhotoDownloadWorker.swift in Sources */ = {isa = PBXBuildFile; fileRef = 8E0CB1541C99EA8F00608BC0 /* PhotoDownloadWorker.swift */; };
		8E0CB1571C99F20100608BC0 /* PinLocation.swift in Sources */ = {isa = PBXBuildFile; fileRef = 8E0CB1561C99F20100608BC0 /* PinLocation.swift */; };
		8E0CB1591C99F38B00608BC0 /* PinLocationDetail.swift in Sources */ = {isa = PBXBuildFile; fileRef = 8E0CB1581C99F38B00608BC0 /* PinLocationDetail.swift */; };
		8E0CB15B1C99F43B00608BC0 /* FlickrPhotoDelegate.swift in Sources */ = {isa = PBXBuildFile; fileRef = 8E0CB15A1C99F43B00608BC0 /* FlickrPhotoDelegate.swift */; };
		8E0CB15D1C99F57000608BC0 /* ImageLoadDelegate.swift in Sources */ = {isa = PBXBuildFile; fileRef = 8E0CB15C1C99F57000608BC0 /* ImageLoadDelegate.swift */; };
		8E0CB15F1C99F59F00608BC0 /* NSManagedObject.swift in Sources */ = {isa = PBXBuildFile; fileRef = 8E0CB15E1C99F59F00608BC0 /* NSManagedObject.swift */; };
		8E0CB1641C9AF86000608BC0 /* VirtualTouristGalleryViewController.swift in Sources */ = {isa = PBXBuildFile; fileRef = 8E0CB1631C9AF86000608BC0 /* VirtualTouristGalleryViewController.swift */; };
		8E0CB1661C9B0A8A00608BC0 /* MapPinAnnotation.swift in Sources */ = {isa = PBXBuildFile; fileRef = 8E0CB1651C9B0A8A00608BC0 /* MapPinAnnotation.swift */; };
		8E0CB1681C9B0AFD00608BC0 /* VirtualTouristMapViewController.swift in Sources */ = {isa = PBXBuildFile; fileRef = 8E0CB1671C9B0AFD00608BC0 /* VirtualTouristMapViewController.swift */; };
		8E26E6E81C9B10F300063778 /* VirtualTouristMapViewDelegate.swift in Sources */ = {isa = PBXBuildFile; fileRef = 8E26E6E71C9B10F300063778 /* VirtualTouristMapViewDelegate.swift */; };
		8E26E6EC1C9B126900063778 /* VTActivityViewController.swift in Sources */ = {isa = PBXBuildFile; fileRef = 8E26E6EB1C9B126900063778 /* VTActivityViewController.swift */; };
		8E26E6EE1C9B12B000063778 /* PhotoCell.swift in Sources */ = {isa = PBXBuildFile; fileRef = 8E26E6ED1C9B12B000063778 /* PhotoCell.swift */; };
		8EA699F11C913C980021F466 /* AppDelegate.swift in Sources */ = {isa = PBXBuildFile; fileRef = 8EA699F01C913C980021F466 /* AppDelegate.swift */; };
		8EA699F61C913C980021F466 /* Main.storyboard in Resources */ = {isa = PBXBuildFile; fileRef = 8EA699F41C913C980021F466 /* Main.storyboard */; };
		8EA699F91C913C980021F466 /* Virtual_Tourist_Udacity.xcdatamodeld in Sources */ = {isa = PBXBuildFile; fileRef = 8EA699F71C913C980021F466 /* Virtual_Tourist_Udacity.xcdatamodeld */; };
		8EA699FB1C913C980021F466 /* Assets.xcassets in Resources */ = {isa = PBXBuildFile; fileRef = 8EA699FA1C913C980021F466 /* Assets.xcassets */; };
		8EA699FE1C913C980021F466 /* LaunchScreen.storyboard in Resources */ = {isa = PBXBuildFile; fileRef = 8EA699FC1C913C980021F466 /* LaunchScreen.storyboard */; };
		8EA69A091C913C980021F466 /* Virtual_Tourist_UdacityTests.swift in Sources */ = {isa = PBXBuildFile; fileRef = 8EA69A081C913C980021F466 /* Virtual_Tourist_UdacityTests.swift */; };
		8EA69A141C913C980021F466 /* Virtual_Tourist_UdacityUITests.swift in Sources */ = {isa = PBXBuildFile; fileRef = 8EA69A131C913C980021F466 /* Virtual_Tourist_UdacityUITests.swift */; };
		8EA69A221C913D2F0021F466 /* QuartzCore.framework in Frameworks */ = {isa = PBXBuildFile; fileRef = 8EA69A211C913D2F0021F466 /* QuartzCore.framework */; };
		8EA69A241C913D360021F466 /* MapKit.framework in Frameworks */ = {isa = PBXBuildFile; fileRef = 8EA69A231C913D360021F466 /* MapKit.framework */; };
		8EA69A281C913DB00021F466 /* CoreDataStack.swift in Sources */ = {isa = PBXBuildFile; fileRef = 8EA69A271C913DB00021F466 /* CoreDataStack.swift */; };
		8EA69A2A1C913EFD0021F466 /* CoreData.framework in Frameworks */ = {isa = PBXBuildFile; fileRef = 8EA69A291C913EFD0021F466 /* CoreData.framework */; };
		8EA69A2C1C9141490021F466 /* CoreDataModel.swift in Sources */ = {isa = PBXBuildFile; fileRef = 8EA69A2B1C9141490021F466 /* CoreDataModel.swift */; };
		8EA69A2E1C91D0330021F466 /* CoreDataStackManager.swift in Sources */ = {isa = PBXBuildFile; fileRef = 8EA69A2D1C91D0330021F466 /* CoreDataStackManager.swift */; };
		8EA69A331C91D5900021F466 /* FlickrDelegate.swift in Sources */ = {isa = PBXBuildFile; fileRef = 8EA69A321C91D5900021F466 /* FlickrDelegate.swift */; };
		8EA69A351C91D68B0021F466 /* FlickrClient.swift in Sources */ = {isa = PBXBuildFile; fileRef = 8EA69A341C91D68B0021F466 /* FlickrClient.swift */; };
		8EA69A371C91D8060021F466 /* FlickrConstants.swift in Sources */ = {isa = PBXBuildFile; fileRef = 8EA69A361C91D8060021F466 /* FlickrConstants.swift */; };
		8EA69A391C91D8280021F466 /* FlickrConvenience.swift in Sources */ = {isa = PBXBuildFile; fileRef = 8EA69A381C91D8280021F466 /* FlickrConvenience.swift */; };
		8EA69A3B1C9293450021F466 /* HTTPClient.swift in Sources */ = {isa = PBXBuildFile; fileRef = 8EA69A3A1C9293450021F466 /* HTTPClient.swift */; };
		8EA69A3D1C985AE20021F466 /* HTTPClientProtocol.swift in Sources */ = {isa = PBXBuildFile; fileRef = 8EA69A3C1C985AE20021F466 /* HTTPClientProtocol.swift */; };
		8EA69A3F1C985B5D0021F466 /* HTTPClientConstants.swift in Sources */ = {isa = PBXBuildFile; fileRef = 8EA69A3E1C985B5D0021F466 /* HTTPClientConstants.swift */; };
		8EA69A411C985DAD0021F466 /* ImageCache.swift in Sources */ = {isa = PBXBuildFile; fileRef = 8EA69A401C985DAD0021F466 /* ImageCache.swift */; };
/* End PBXBuildFile section */

/* Begin PBXContainerItemProxy section */
		8EA69A051C913C980021F466 /* PBXContainerItemProxy */ = {
			isa = PBXContainerItemProxy;
			containerPortal = 8EA699E51C913C980021F466 /* Project object */;
			proxyType = 1;
			remoteGlobalIDString = 8EA699EC1C913C980021F466;
			remoteInfo = "Virtual Tourist Udacity";
		};
		8EA69A101C913C980021F466 /* PBXContainerItemProxy */ = {
			isa = PBXContainerItemProxy;
			containerPortal = 8EA699E51C913C980021F466 /* Project object */;
			proxyType = 1;
			remoteGlobalIDString = 8EA699EC1C913C980021F466;
			remoteInfo = "Virtual Tourist Udacity";
		};
/* End PBXContainerItemProxy section */

/* Begin PBXFileReference section */
		8E0CB1501C99E6E600608BC0 /* Photo.swift */ = {isa = PBXFileReference; fileEncoding = 4; lastKnownFileType = sourcecode.swift; path = Photo.swift; sourceTree = "<group>"; };
		8E0CB1521C99E9E600608BC0 /* PendingPhotoDownloads.swift */ = {isa = PBXFileReference; fileEncoding = 4; lastKnownFileType = sourcecode.swift; path = PendingPhotoDownloads.swift; sourceTree = "<group>"; };
		8E0CB1541C99EA8F00608BC0 /* PhotoDownloadWorker.swift */ = {isa = PBXFileReference; fileEncoding = 4; lastKnownFileType = sourcecode.swift; path = PhotoDownloadWorker.swift; sourceTree = "<group>"; };
		8E0CB1561C99F20100608BC0 /* PinLocation.swift */ = {isa = PBXFileReference; fileEncoding = 4; lastKnownFileType = sourcecode.swift; path = PinLocation.swift; sourceTree = "<group>"; };
		8E0CB1581C99F38B00608BC0 /* PinLocationDetail.swift */ = {isa = PBXFileReference; fileEncoding = 4; lastKnownFileType = sourcecode.swift; path = PinLocationDetail.swift; sourceTree = "<group>"; };
		8E0CB15A1C99F43B00608BC0 /* FlickrPhotoDelegate.swift */ = {isa = PBXFileReference; fileEncoding = 4; lastKnownFileType = sourcecode.swift; path = FlickrPhotoDelegate.swift; sourceTree = "<group>"; };
		8E0CB15C1C99F57000608BC0 /* ImageLoadDelegate.swift */ = {isa = PBXFileReference; fileEncoding = 4; lastKnownFileType = sourcecode.swift; path = ImageLoadDelegate.swift; sourceTree = "<group>"; };
		8E0CB15E1C99F59F00608BC0 /* NSManagedObject.swift */ = {isa = PBXFileReference; fileEncoding = 4; lastKnownFileType = sourcecode.swift; path = NSManagedObject.swift; sourceTree = "<group>"; };
		8E0CB1631C9AF86000608BC0 /* VirtualTouristGalleryViewController.swift */ = {isa = PBXFileReference; fileEncoding = 4; lastKnownFileType = sourcecode.swift; path = VirtualTouristGalleryViewController.swift; sourceTree = "<group>"; };
		8E0CB1651C9B0A8A00608BC0 /* MapPinAnnotation.swift */ = {isa = PBXFileReference; fileEncoding = 4; lastKnownFileType = sourcecode.swift; path = MapPinAnnotation.swift; sourceTree = "<group>"; };
		8E0CB1671C9B0AFD00608BC0 /* VirtualTouristMapViewController.swift */ = {isa = PBXFileReference; fileEncoding = 4; lastKnownFileType = sourcecode.swift; path = VirtualTouristMapViewController.swift; sourceTree = "<group>"; };
		8E26E6E71C9B10F300063778 /* VirtualTouristMapViewDelegate.swift */ = {isa = PBXFileReference; fileEncoding = 4; lastKnownFileType = sourcecode.swift; path = VirtualTouristMapViewDelegate.swift; sourceTree = "<group>"; };
		8E26E6EB1C9B126900063778 /* VTActivityViewController.swift */ = {isa = PBXFileReference; fileEncoding = 4; lastKnownFileType = sourcecode.swift; path = VTActivityViewController.swift; sourceTree = "<group>"; };
		8E26E6ED1C9B12B000063778 /* PhotoCell.swift */ = {isa = PBXFileReference; fileEncoding = 4; lastKnownFileType = sourcecode.swift; path = PhotoCell.swift; sourceTree = "<group>"; };
		8EA699ED1C913C980021F466 /* Virtual Tourist Udacity.app */ = {isa = PBXFileReference; explicitFileType = wrapper.application; includeInIndex = 0; path = "Virtual Tourist Udacity.app"; sourceTree = BUILT_PRODUCTS_DIR; };
		8EA699F01C913C980021F466 /* AppDelegate.swift */ = {isa = PBXFileReference; lastKnownFileType = sourcecode.swift; path = AppDelegate.swift; sourceTree = "<group>"; };
		8EA699F51C913C980021F466 /* Base */ = {isa = PBXFileReference; lastKnownFileType = file.storyboard; name = Base; path = Base.lproj/Main.storyboard; sourceTree = "<group>"; };
		8EA699F81C913C980021F466 /* Virtual_Tourist_Udacity.xcdatamodel */ = {isa = PBXFileReference; lastKnownFileType = wrapper.xcdatamodel; path = Virtual_Tourist_Udacity.xcdatamodel; sourceTree = "<group>"; };
		8EA699FA1C913C980021F466 /* Assets.xcassets */ = {isa = PBXFileReference; lastKnownFileType = folder.assetcatalog; path = Assets.xcassets; sourceTree = "<group>"; };
		8EA699FD1C913C980021F466 /* Base */ = {isa = PBXFileReference; lastKnownFileType = file.storyboard; name = Base; path = Base.lproj/LaunchScreen.storyboard; sourceTree = "<group>"; };
		8EA699FF1C913C980021F466 /* Info.plist */ = {isa = PBXFileReference; lastKnownFileType = text.plist.xml; path = Info.plist; sourceTree = "<group>"; };
		8EA69A041C913C980021F466 /* Virtual Tourist UdacityTests.xctest */ = {isa = PBXFileReference; explicitFileType = wrapper.cfbundle; includeInIndex = 0; path = "Virtual Tourist UdacityTests.xctest"; sourceTree = BUILT_PRODUCTS_DIR; };
		8EA69A081C913C980021F466 /* Virtual_Tourist_UdacityTests.swift */ = {isa = PBXFileReference; lastKnownFileType = sourcecode.swift; path = Virtual_Tourist_UdacityTests.swift; sourceTree = "<group>"; };
		8EA69A0A1C913C980021F466 /* Info.plist */ = {isa = PBXFileReference; lastKnownFileType = text.plist.xml; path = Info.plist; sourceTree = "<group>"; };
		8EA69A0F1C913C980021F466 /* Virtual Tourist UdacityUITests.xctest */ = {isa = PBXFileReference; explicitFileType = wrapper.cfbundle; includeInIndex = 0; path = "Virtual Tourist UdacityUITests.xctest"; sourceTree = BUILT_PRODUCTS_DIR; };
		8EA69A131C913C980021F466 /* Virtual_Tourist_UdacityUITests.swift */ = {isa = PBXFileReference; lastKnownFileType = sourcecode.swift; path = Virtual_Tourist_UdacityUITests.swift; sourceTree = "<group>"; };
		8EA69A151C913C980021F466 /* Info.plist */ = {isa = PBXFileReference; lastKnownFileType = text.plist.xml; path = Info.plist; sourceTree = "<group>"; };
		8EA69A211C913D2F0021F466 /* QuartzCore.framework */ = {isa = PBXFileReference; lastKnownFileType = wrapper.framework; name = QuartzCore.framework; path = System/Library/Frameworks/QuartzCore.framework; sourceTree = SDKROOT; };
		8EA69A231C913D360021F466 /* MapKit.framework */ = {isa = PBXFileReference; lastKnownFileType = wrapper.framework; name = MapKit.framework; path = System/Library/Frameworks/MapKit.framework; sourceTree = SDKROOT; };
		8EA69A271C913DB00021F466 /* CoreDataStack.swift */ = {isa = PBXFileReference; fileEncoding = 4; lastKnownFileType = sourcecode.swift; name = CoreDataStack.swift; path = ../CoreDataStack.swift; sourceTree = "<group>"; };
		8EA69A291C913EFD0021F466 /* CoreData.framework */ = {isa = PBXFileReference; lastKnownFileType = wrapper.framework; name = CoreData.framework; path = System/Library/Frameworks/CoreData.framework; sourceTree = SDKROOT; };
		8EA69A2B1C9141490021F466 /* CoreDataModel.swift */ = {isa = PBXFileReference; fileEncoding = 4; lastKnownFileType = sourcecode.swift; path = CoreDataModel.swift; sourceTree = "<group>"; };
		8EA69A2D1C91D0330021F466 /* CoreDataStackManager.swift */ = {isa = PBXFileReference; fileEncoding = 4; lastKnownFileType = sourcecode.swift; path = CoreDataStackManager.swift; sourceTree = "<group>"; };
		8EA69A321C91D5900021F466 /* FlickrDelegate.swift */ = {isa = PBXFileReference; fileEncoding = 4; lastKnownFileType = sourcecode.swift; path = FlickrDelegate.swift; sourceTree = "<group>"; };
		8EA69A341C91D68B0021F466 /* FlickrClient.swift */ = {isa = PBXFileReference; fileEncoding = 4; lastKnownFileType = sourcecode.swift; path = FlickrClient.swift; sourceTree = "<group>"; };
		8EA69A361C91D8060021F466 /* FlickrConstants.swift */ = {isa = PBXFileReference; fileEncoding = 4; lastKnownFileType = sourcecode.swift; path = FlickrConstants.swift; sourceTree = "<group>"; };
		8EA69A381C91D8280021F466 /* FlickrConvenience.swift */ = {isa = PBXFileReference; fileEncoding = 4; lastKnownFileType = sourcecode.swift; path = FlickrConvenience.swift; sourceTree = "<group>"; };
		8EA69A3A1C9293450021F466 /* HTTPClient.swift */ = {isa = PBXFileReference; fileEncoding = 4; lastKnownFileType = sourcecode.swift; path = HTTPClient.swift; sourceTree = "<group>"; };
		8EA69A3C1C985AE20021F466 /* HTTPClientProtocol.swift */ = {isa = PBXFileReference; fileEncoding = 4; lastKnownFileType = sourcecode.swift; path = HTTPClientProtocol.swift; sourceTree = "<group>"; };
		8EA69A3E1C985B5D0021F466 /* HTTPClientConstants.swift */ = {isa = PBXFileReference; fileEncoding = 4; lastKnownFileType = sourcecode.swift; path = HTTPClientConstants.swift; sourceTree = "<group>"; };
		8EA69A401C985DAD0021F466 /* ImageCache.swift */ = {isa = PBXFileReference; fileEncoding = 4; lastKnownFileType = sourcecode.swift; path = ImageCache.swift; sourceTree = "<group>"; };
/* End PBXFileReference section */

/* Begin PBXFrameworksBuildPhase section */
		8EA699EA1C913C980021F466 /* Frameworks */ = {
			isa = PBXFrameworksBuildPhase;
			buildActionMask = 2147483647;
			files = (
				8EA69A2A1C913EFD0021F466 /* CoreData.framework in Frameworks */,
				8EA69A241C913D360021F466 /* MapKit.framework in Frameworks */,
				8EA69A221C913D2F0021F466 /* QuartzCore.framework in Frameworks */,
			);
			runOnlyForDeploymentPostprocessing = 0;
		};
		8EA69A011C913C980021F466 /* Frameworks */ = {
			isa = PBXFrameworksBuildPhase;
			buildActionMask = 2147483647;
			files = (
			);
			runOnlyForDeploymentPostprocessing = 0;
		};
		8EA69A0C1C913C980021F466 /* Frameworks */ = {
			isa = PBXFrameworksBuildPhase;
			buildActionMask = 2147483647;
			files = (
			);
			runOnlyForDeploymentPostprocessing = 0;
		};
/* End PBXFrameworksBuildPhase section */

/* Begin PBXGroup section */
		8E0CB1601C9AF82600608BC0 /* ViewControllers */ = {
			isa = PBXGroup;
			children = (
				8E0CB1621C9AF84000608BC0 /* Map */,
				8E0CB1611C9AF83900608BC0 /* Gallery */,
			);
			name = ViewControllers;
			sourceTree = "<group>";
		};
		8E0CB1611C9AF83900608BC0 /* Gallery */ = {
			isa = PBXGroup;
			children = (
				8E0CB1631C9AF86000608BC0 /* VirtualTouristGalleryViewController.swift */,
			);
			name = Gallery;
			sourceTree = "<group>";
		};
		8E0CB1621C9AF84000608BC0 /* Map */ = {
			isa = PBXGroup;
			children = (
				8E0CB1651C9B0A8A00608BC0 /* MapPinAnnotation.swift */,
				8E0CB1671C9B0AFD00608BC0 /* VirtualTouristMapViewController.swift */,
				8E26E6E71C9B10F300063778 /* VirtualTouristMapViewDelegate.swift */,
			);
			name = Map;
			sourceTree = "<group>";
		};
		8E26E6EA1C9B124A00063778 /* View */ = {
			isa = PBXGroup;
			children = (
				8E26E6EB1C9B126900063778 /* VTActivityViewController.swift */,
				8E26E6ED1C9B12B000063778 /* PhotoCell.swift */,
			);
			name = View;
			sourceTree = "<group>";
		};
		8EA699E41C913C980021F466 = {
			isa = PBXGroup;
			children = (
				8EA69A291C913EFD0021F466 /* CoreData.framework */,
				8EA69A231C913D360021F466 /* MapKit.framework */,
				8EA69A211C913D2F0021F466 /* QuartzCore.framework */,
				8EA699EF1C913C980021F466 /* Virtual Tourist Udacity */,
				8EA69A071C913C980021F466 /* Virtual Tourist UdacityTests */,
				8EA69A121C913C980021F466 /* Virtual Tourist UdacityUITests */,
				8EA699EE1C913C980021F466 /* Products */,
			);
			sourceTree = "<group>";
		};
		8EA699EE1C913C980021F466 /* Products */ = {
			isa = PBXGroup;
			children = (
				8EA699ED1C913C980021F466 /* Virtual Tourist Udacity.app */,
				8EA69A041C913C980021F466 /* Virtual Tourist UdacityTests.xctest */,
				8EA69A0F1C913C980021F466 /* Virtual Tourist UdacityUITests.xctest */,
			);
			name = Products;
			sourceTree = "<group>";
		};
		8EA699EF1C913C980021F466 /* Virtual Tourist Udacity */ = {
			isa = PBXGroup;
			children = (
				8EA69A271C913DB00021F466 /* CoreDataStack.swift */,
				8EA69A2B1C9141490021F466 /* CoreDataModel.swift */,
				8EA69A2D1C91D0330021F466 /* CoreDataStackManager.swift */,
				8EA69A2F1C91D5710021F466 /* Model */,
				8E0CB1601C9AF82600608BC0 /* ViewControllers */,
				8E26E6EA1C9B124A00063778 /* View */,
				8EA699F01C913C980021F466 /* AppDelegate.swift */,
				8EA699F41C913C980021F466 /* Main.storyboard */,
				8EA699FA1C913C980021F466 /* Assets.xcassets */,
				8EA699FC1C913C980021F466 /* LaunchScreen.storyboard */,
				8EA699FF1C913C980021F466 /* Info.plist */,
				8EA699F71C913C980021F466 /* Virtual_Tourist_Udacity.xcdatamodeld */,
			);
			path = "Virtual Tourist Udacity";
			sourceTree = "<group>";
		};
		8EA69A071C913C980021F466 /* Virtual Tourist UdacityTests */ = {
			isa = PBXGroup;
			children = (
				8EA69A081C913C980021F466 /* Virtual_Tourist_UdacityTests.swift */,
				8EA69A0A1C913C980021F466 /* Info.plist */,
			);
			path = "Virtual Tourist UdacityTests";
			sourceTree = "<group>";
		};
		8EA69A121C913C980021F466 /* Virtual Tourist UdacityUITests */ = {
			isa = PBXGroup;
			children = (
				8EA69A131C913C980021F466 /* Virtual_Tourist_UdacityUITests.swift */,
				8EA69A151C913C980021F466 /* Info.plist */,
			);
			path = "Virtual Tourist UdacityUITests";
			sourceTree = "<group>";
		};
		8EA69A2F1C91D5710021F466 /* Model */ = {
			isa = PBXGroup;
			children = (
				8EA69A301C91D5790021F466 /* Clients */,
				8EA69A401C985DAD0021F466 /* ImageCache.swift */,
				8E0CB1501C99E6E600608BC0 /* Photo.swift */,
				8E0CB1521C99E9E600608BC0 /* PendingPhotoDownloads.swift */,
				8E0CB1541C99EA8F00608BC0 /* PhotoDownloadWorker.swift */,
				8E0CB1561C99F20100608BC0 /* PinLocation.swift */,
				8E0CB1581C99F38B00608BC0 /* PinLocationDetail.swift */,
				8E0CB15A1C99F43B00608BC0 /* FlickrPhotoDelegate.swift */,
				8E0CB15C1C99F57000608BC0 /* ImageLoadDelegate.swift */,
				8E0CB15E1C99F59F00608BC0 /* NSManagedObject.swift */,
			);
			name = Model;
			sourceTree = "<group>";
		};
		8EA69A301C91D5790021F466 /* Clients */ = {
			isa = PBXGroup;
			children = (
				8EA69A311C91D57E0021F466 /* Flickr */,
				8EA69A3A1C9293450021F466 /* HTTPClient.swift */,
				8EA69A3C1C985AE20021F466 /* HTTPClientProtocol.swift */,
				8EA69A3E1C985B5D0021F466 /* HTTPClientConstants.swift */,
			);
			name = Clients;
			sourceTree = "<group>";
		};
		8EA69A311C91D57E0021F466 /* Flickr */ = {
			isa = PBXGroup;
			children = (
				8EA69A321C91D5900021F466 /* FlickrDelegate.swift */,
				8EA69A341C91D68B0021F466 /* FlickrClient.swift */,
				8EA69A361C91D8060021F466 /* FlickrConstants.swift */,
				8EA69A381C91D8280021F466 /* FlickrConvenience.swift */,
			);
			name = Flickr;
			sourceTree = "<group>";
		};
/* End PBXGroup section */

/* Begin PBXNativeTarget section */
		8EA699EC1C913C980021F466 /* Virtual Tourist Udacity */ = {
			isa = PBXNativeTarget;
			buildConfigurationList = 8EA69A181C913C980021F466 /* Build configuration list for PBXNativeTarget "Virtual Tourist Udacity" */;
			buildPhases = (
				8EA699E91C913C980021F466 /* Sources */,
				8EA699EA1C913C980021F466 /* Frameworks */,
				8EA699EB1C913C980021F466 /* Resources */,
			);
			buildRules = (
			);
			dependencies = (
			);
			name = "Virtual Tourist Udacity";
			productName = "Virtual Tourist Udacity";
			productReference = 8EA699ED1C913C980021F466 /* Virtual Tourist Udacity.app */;
			productType = "com.apple.product-type.application";
		};
		8EA69A031C913C980021F466 /* Virtual Tourist UdacityTests */ = {
			isa = PBXNativeTarget;
			buildConfigurationList = 8EA69A1B1C913C980021F466 /* Build configuration list for PBXNativeTarget "Virtual Tourist UdacityTests" */;
			buildPhases = (
				8EA69A001C913C980021F466 /* Sources */,
				8EA69A011C913C980021F466 /* Frameworks */,
				8EA69A021C913C980021F466 /* Resources */,
			);
			buildRules = (
			);
			dependencies = (
				8EA69A061C913C980021F466 /* PBXTargetDependency */,
			);
			name = "Virtual Tourist UdacityTests";
			productName = "Virtual Tourist UdacityTests";
			productReference = 8EA69A041C913C980021F466 /* Virtual Tourist UdacityTests.xctest */;
			productType = "com.apple.product-type.bundle.unit-test";
		};
		8EA69A0E1C913C980021F466 /* Virtual Tourist UdacityUITests */ = {
			isa = PBXNativeTarget;
			buildConfigurationList = 8EA69A1E1C913C980021F466 /* Build configuration list for PBXNativeTarget "Virtual Tourist UdacityUITests" */;
			buildPhases = (
				8EA69A0B1C913C980021F466 /* Sources */,
				8EA69A0C1C913C980021F466 /* Frameworks */,
				8EA69A0D1C913C980021F466 /* Resources */,
			);
			buildRules = (
			);
			dependencies = (
				8EA69A111C913C980021F466 /* PBXTargetDependency */,
			);
			name = "Virtual Tourist UdacityUITests";
			productName = "Virtual Tourist UdacityUITests";
			productReference = 8EA69A0F1C913C980021F466 /* Virtual Tourist UdacityUITests.xctest */;
			productType = "com.apple.product-type.bundle.ui-testing";
		};
/* End PBXNativeTarget section */

/* Begin PBXProject section */
		8EA699E51C913C980021F466 /* Project object */ = {
			isa = PBXProject;
			attributes = {
				LastSwiftUpdateCheck = 0720;
				LastUpgradeCheck = 0720;
				ORGANIZATIONNAME = "Gabriele Gort";
				TargetAttributes = {
					8EA699EC1C913C980021F466 = {
						CreatedOnToolsVersion = 7.2.1;
					};
					8EA69A031C913C980021F466 = {
						CreatedOnToolsVersion = 7.2.1;
						TestTargetID = 8EA699EC1C913C980021F466;
					};
					8EA69A0E1C913C980021F466 = {
						CreatedOnToolsVersion = 7.2.1;
						TestTargetID = 8EA699EC1C913C980021F466;
					};
				};
			};
			buildConfigurationList = 8EA699E81C913C980021F466 /* Build configuration list for PBXProject "Virtual Tourist Udacity" */;
			compatibilityVersion = "Xcode 3.2";
			developmentRegion = English;
			hasScannedForEncodings = 0;
			knownRegions = (
				en,
				Base,
			);
			mainGroup = 8EA699E41C913C980021F466;
			productRefGroup = 8EA699EE1C913C980021F466 /* Products */;
			projectDirPath = "";
			projectRoot = "";
			targets = (
				8EA699EC1C913C980021F466 /* Virtual Tourist Udacity */,
				8EA69A031C913C980021F466 /* Virtual Tourist UdacityTests */,
				8EA69A0E1C913C980021F466 /* Virtual Tourist UdacityUITests */,
			);
		};
/* End PBXProject section */

/* Begin PBXResourcesBuildPhase section */
		8EA699EB1C913C980021F466 /* Resources */ = {
			isa = PBXResourcesBuildPhase;
			buildActionMask = 2147483647;
			files = (
				8EA699FE1C913C980021F466 /* LaunchScreen.storyboard in Resources */,
				8EA699FB1C913C980021F466 /* Assets.xcassets in Resources */,
				8EA699F61C913C980021F466 /* Main.storyboard in Resources */,
			);
			runOnlyForDeploymentPostprocessing = 0;
		};
		8EA69A021C913C980021F466 /* Resources */ = {
			isa = PBXResourcesBuildPhase;
			buildActionMask = 2147483647;
			files = (
			);
			runOnlyForDeploymentPostprocessing = 0;
		};
		8EA69A0D1C913C980021F466 /* Resources */ = {
			isa = PBXResourcesBuildPhase;
			buildActionMask = 2147483647;
			files = (
			);
			runOnlyForDeploymentPostprocessing = 0;
		};
/* End PBXResourcesBuildPhase section */

/* Begin PBXSourcesBuildPhase section */
		8EA699E91C913C980021F466 /* Sources */ = {
			isa = PBXSourcesBuildPhase;
			buildActionMask = 2147483647;
			files = (
				8E0CB1551C99EA8F00608BC0 /* PhotoDownloadWorker.swift in Sources */,
				8E0CB1511C99E6E600608BC0 /* Photo.swift in Sources */,
				8EA69A371C91D8060021F466 /* FlickrConstants.swift in Sources */,
				8E0CB1591C99F38B00608BC0 /* PinLocationDetail.swift in Sources */,
				8E0CB1571C99F20100608BC0 /* PinLocation.swift in Sources */,
				8EA69A411C985DAD0021F466 /* ImageCache.swift in Sources */,
				8E0CB15B1C99F43B00608BC0 /* FlickrPhotoDelegate.swift in Sources */,
				8E26E6E81C9B10F300063778 /* VirtualTouristMapViewDelegate.swift in Sources */,
				8EA69A281C913DB00021F466 /* CoreDataStack.swift in Sources */,
				8E0CB15D1C99F57000608BC0 /* ImageLoadDelegate.swift in Sources */,
				8E26E6EE1C9B12B000063778 /* PhotoCell.swift in Sources */,
				8EA69A331C91D5900021F466 /* FlickrDelegate.swift in Sources */,
				8E0CB15F1C99F59F00608BC0 /* NSManagedObject.swift in Sources */,
				8E0CB1661C9B0A8A00608BC0 /* MapPinAnnotation.swift in Sources */,
				8EA69A351C91D68B0021F466 /* FlickrClient.swift in Sources */,
				8E0CB1641C9AF86000608BC0 /* VirtualTouristGalleryViewController.swift in Sources */,
				8EA69A3D1C985AE20021F466 /* HTTPClientProtocol.swift in Sources */,
				8E0CB1531C99E9E600608BC0 /* PendingPhotoDownloads.swift in Sources */,
				8E26E6EC1C9B126900063778 /* VTActivityViewController.swift in Sources */,
				8EA699F91C913C980021F466 /* Virtual_Tourist_Udacity.xcdatamodeld in Sources */,
				8EA69A2C1C9141490021F466 /* CoreDataModel.swift in Sources */,
				8EA69A3B1C9293450021F466 /* HTTPClient.swift in Sources */,
				8EA69A3F1C985B5D0021F466 /* HTTPClientConstants.swift in Sources */,
				8EA69A2E1C91D0330021F466 /* CoreDataStackManager.swift in Sources */,
				8EA699F11C913C980021F466 /* AppDelegate.swift in Sources */,
				8E0CB1681C9B0AFD00608BC0 /* VirtualTouristMapViewController.swift in Sources */,
				8EA69A391C91D8280021F466 /* FlickrConvenience.swift in Sources */,
			);
			runOnlyForDeploymentPostprocessing = 0;
		};
		8EA69A001C913C980021F466 /* Sources */ = {
			isa = PBXSourcesBuildPhase;
			buildActionMask = 2147483647;
			files = (
				8EA69A091C913C980021F466 /* Virtual_Tourist_UdacityTests.swift in Sources */,
			);
			runOnlyForDeploymentPostprocessing = 0;
		};
		8EA69A0B1C913C980021F466 /* Sources */ = {
			isa = PBXSourcesBuildPhase;
			buildActionMask = 2147483647;
			files = (
				8EA69A141C913C980021F466 /* Virtual_Tourist_UdacityUITests.swift in Sources */,
			);
			runOnlyForDeploymentPostprocessing = 0;
		};
/* End PBXSourcesBuildPhase section */

/* Begin PBXTargetDependency section */
		8EA69A061C913C980021F466 /* PBXTargetDependency */ = {
			isa = PBXTargetDependency;
			target = 8EA699EC1C913C980021F466 /* Virtual Tourist Udacity */;
			targetProxy = 8EA69A051C913C980021F466 /* PBXContainerItemProxy */;
		};
		8EA69A111C913C980021F466 /* PBXTargetDependency */ = {
			isa = PBXTargetDependency;
			target = 8EA699EC1C913C980021F466 /* Virtual Tourist Udacity */;
			targetProxy = 8EA69A101C913C980021F466 /* PBXContainerItemProxy */;
		};
/* End PBXTargetDependency section */

/* Begin PBXVariantGroup section */
		8EA699F41C913C980021F466 /* Main.storyboard */ = {
			isa = PBXVariantGroup;
			children = (
				8EA699F51C913C980021F466 /* Base */,
			);
			name = Main.storyboard;
			sourceTree = "<group>";
		};
		8EA699FC1C913C980021F466 /* LaunchScreen.storyboard */ = {
			isa = PBXVariantGroup;
			children = (
				8EA699FD1C913C980021F466 /* Base */,
			);
			name = LaunchScreen.storyboard;
			sourceTree = "<group>";
		};
/* End PBXVariantGroup section */

/* Begin XCBuildConfiguration section */
		8EA69A161C913C980021F466 /* Debug */ = {
			isa = XCBuildConfiguration;
			buildSettings = {
				ALWAYS_SEARCH_USER_PATHS = NO;
				CLANG_CXX_LANGUAGE_STANDARD = "gnu++0x";
				CLANG_CXX_LIBRARY = "libc++";
				CLANG_ENABLE_MODULES = YES;
				CLANG_ENABLE_OBJC_ARC = YES;
				CLANG_WARN_BOOL_CONVERSION = YES;
				CLANG_WARN_CONSTANT_CONVERSION = YES;
				CLANG_WARN_DIRECT_OBJC_ISA_USAGE = YES_ERROR;
				CLANG_WARN_EMPTY_BODY = YES;
				CLANG_WARN_ENUM_CONVERSION = YES;
				CLANG_WARN_INT_CONVERSION = YES;
				CLANG_WARN_OBJC_ROOT_CLASS = YES_ERROR;
				CLANG_WARN_UNREACHABLE_CODE = YES;
				CLANG_WARN__DUPLICATE_METHOD_MATCH = YES;
				"CODE_SIGN_IDENTITY[sdk=iphoneos*]" = "iPhone Developer";
				COPY_PHASE_STRIP = NO;
				DEBUG_INFORMATION_FORMAT = dwarf;
				ENABLE_STRICT_OBJC_MSGSEND = YES;
				ENABLE_TESTABILITY = YES;
				GCC_C_LANGUAGE_STANDARD = gnu99;
				GCC_DYNAMIC_NO_PIC = NO;
				GCC_NO_COMMON_BLOCKS = YES;
				GCC_OPTIMIZATION_LEVEL = 0;
				GCC_PREPROCESSOR_DEFINITIONS = (
					"DEBUG=1",
					"$(inherited)",
				);
				GCC_WARN_64_TO_32_BIT_CONVERSION = YES;
				GCC_WARN_ABOUT_RETURN_TYPE = YES_ERROR;
				GCC_WARN_UNDECLARED_SELECTOR = YES;
				GCC_WARN_UNINITIALIZED_AUTOS = YES_AGGRESSIVE;
				GCC_WARN_UNUSED_FUNCTION = YES;
				GCC_WARN_UNUSED_VARIABLE = YES;
				IPHONEOS_DEPLOYMENT_TARGET = 9.2;
				MTL_ENABLE_DEBUG_INFO = YES;
				ONLY_ACTIVE_ARCH = YES;
				SDKROOT = iphoneos;
				SWIFT_OPTIMIZATION_LEVEL = "-Onone";
			};
			name = Debug;
		};
		8EA69A171C913C980021F466 /* Release */ = {
			isa = XCBuildConfiguration;
			buildSettings = {
				ALWAYS_SEARCH_USER_PATHS = NO;
				CLANG_CXX_LANGUAGE_STANDARD = "gnu++0x";
				CLANG_CXX_LIBRARY = "libc++";
				CLANG_ENABLE_MODULES = YES;
				CLANG_ENABLE_OBJC_ARC = YES;
				CLANG_WARN_BOOL_CONVERSION = YES;
				CLANG_WARN_CONSTANT_CONVERSION = YES;
				CLANG_WARN_DIRECT_OBJC_ISA_USAGE = YES_ERROR;
				CLANG_WARN_EMPTY_BODY = YES;
				CLANG_WARN_ENUM_CONVERSION = YES;
				CLANG_WARN_INT_CONVERSION = YES;
				CLANG_WARN_OBJC_ROOT_CLASS = YES_ERROR;
				CLANG_WARN_UNREACHABLE_CODE = YES;
				CLANG_WARN__DUPLICATE_METHOD_MATCH = YES;
				"CODE_SIGN_IDENTITY[sdk=iphoneos*]" = "iPhone Developer";
				COPY_PHASE_STRIP = NO;
				DEBUG_INFORMATION_FORMAT = "dwarf-with-dsym";
				ENABLE_NS_ASSERTIONS = NO;
				ENABLE_STRICT_OBJC_MSGSEND = YES;
				GCC_C_LANGUAGE_STANDARD = gnu99;
				GCC_NO_COMMON_BLOCKS = YES;
				GCC_WARN_64_TO_32_BIT_CONVERSION = YES;
				GCC_WARN_ABOUT_RETURN_TYPE = YES_ERROR;
				GCC_WARN_UNDECLARED_SELECTOR = YES;
				GCC_WARN_UNINITIALIZED_AUTOS = YES_AGGRESSIVE;
				GCC_WARN_UNUSED_FUNCTION = YES;
				GCC_WARN_UNUSED_VARIABLE = YES;
				IPHONEOS_DEPLOYMENT_TARGET = 9.2;
				MTL_ENABLE_DEBUG_INFO = NO;
				SDKROOT = iphoneos;
				VALIDATE_PRODUCT = YES;
			};
			name = Release;
		};
		8EA69A191C913C980021F466 /* Debug */ = {
			isa = XCBuildConfiguration;
			buildSettings = {
				ASSETCATALOG_COMPILER_APPICON_NAME = AppIcon;
				INFOPLIST_FILE = "Virtual Tourist Udacity/Info.plist";
				LD_RUNPATH_SEARCH_PATHS = "$(inherited) @executable_path/Frameworks";
				PRODUCT_BUNDLE_IDENTIFIER = "com.gabrielegort.Virtual-Tourist-Udacity";
				PRODUCT_NAME = "$(TARGET_NAME)";
			};
			name = Debug;
		};
		8EA69A1A1C913C980021F466 /* Release */ = {
			isa = XCBuildConfiguration;
			buildSettings = {
				ASSETCATALOG_COMPILER_APPICON_NAME = AppIcon;
				INFOPLIST_FILE = "Virtual Tourist Udacity/Info.plist";
				LD_RUNPATH_SEARCH_PATHS = "$(inherited) @executable_path/Frameworks";
				PRODUCT_BUNDLE_IDENTIFIER = "com.gabrielegort.Virtual-Tourist-Udacity";
				PRODUCT_NAME = "$(TARGET_NAME)";
			};
			name = Release;
		};
		8EA69A1C1C913C980021F466 /* Debug */ = {
			isa = XCBuildConfiguration;
			buildSettings = {
				BUNDLE_LOADER = "$(TEST_HOST)";
				INFOPLIST_FILE = "Virtual Tourist UdacityTests/Info.plist";
				LD_RUNPATH_SEARCH_PATHS = "$(inherited) @executable_path/Frameworks @loader_path/Frameworks";
				PRODUCT_BUNDLE_IDENTIFIER = "com.gabrielegort.Virtual-Tourist-UdacityTests";
				PRODUCT_NAME = "$(TARGET_NAME)";
				TEST_HOST = "$(BUILT_PRODUCTS_DIR)/Virtual Tourist Udacity.app/Virtual Tourist Udacity";
			};
			name = Debug;
		};
		8EA69A1D1C913C980021F466 /* Release */ = {
			isa = XCBuildConfiguration;
			buildSettings = {
				BUNDLE_LOADER = "$(TEST_HOST)";
				INFOPLIST_FILE = "Virtual Tourist UdacityTests/Info.plist";
				LD_RUNPATH_SEARCH_PATHS = "$(inherited) @executable_path/Frameworks @loader_path/Frameworks";
				PRODUCT_BUNDLE_IDENTIFIER = "com.gabrielegort.Virtual-Tourist-UdacityTests";
				PRODUCT_NAME = "$(TARGET_NAME)";
				TEST_HOST = "$(BUILT_PRODUCTS_DIR)/Virtual Tourist Udacity.app/Virtual Tourist Udacity";
			};
			name = Release;
		};
		8EA69A1F1C913C980021F466 /* Debug */ = {
			isa = XCBuildConfiguration;
			buildSettings = {
				INFOPLIST_FILE = "Virtual Tourist UdacityUITests/Info.plist";
				LD_RUNPATH_SEARCH_PATHS = "$(inherited) @executable_path/Frameworks @loader_path/Frameworks";
				PRODUCT_BUNDLE_IDENTIFIER = "com.gabrielegort.Virtual-Tourist-UdacityUITests";
				PRODUCT_NAME = "$(TARGET_NAME)";
				TEST_TARGET_NAME = "Virtual Tourist Udacity";
				USES_XCTRUNNER = YES;
			};
			name = Debug;
		};
		8EA69A201C913C980021F466 /* Release */ = {
			isa = XCBuildConfiguration;
			buildSettings = {
				INFOPLIST_FILE = "Virtual Tourist UdacityUITests/Info.plist";
				LD_RUNPATH_SEARCH_PATHS = "$(inherited) @executable_path/Frameworks @loader_path/Frameworks";
				PRODUCT_BUNDLE_IDENTIFIER = "com.gabrielegort.Virtual-Tourist-UdacityUITests";
				PRODUCT_NAME = "$(TARGET_NAME)";
				TEST_TARGET_NAME = "Virtual Tourist Udacity";
				USES_XCTRUNNER = YES;
			};
			name = Release;
		};
/* End XCBuildConfiguration section */

/* Begin XCConfigurationList section */
		8EA699E81C913C980021F466 /* Build configuration list for PBXProject "Virtual Tourist Udacity" */ = {
			isa = XCConfigurationList;
			buildConfigurations = (
				8EA69A161C913C980021F466 /* Debug */,
				8EA69A171C913C980021F466 /* Release */,
			);
			defaultConfigurationIsVisible = 0;
			defaultConfigurationName = Release;
		};
		8EA69A181C913C980021F466 /* Build configuration list for PBXNativeTarget "Virtual Tourist Udacity" */ = {
			isa = XCConfigurationList;
			buildConfigurations = (
				8EA69A191C913C980021F466 /* Debug */,
				8EA69A1A1C913C980021F466 /* Release */,
			);
			defaultConfigurationIsVisible = 0;
			defaultConfigurationName = Release;
		};
		8EA69A1B1C913C980021F466 /* Build configuration list for PBXNativeTarget "Virtual Tourist UdacityTests" */ = {
			isa = XCConfigurationList;
			buildConfigurations = (
				8EA69A1C1C913C980021F466 /* Debug */,
				8EA69A1D1C913C980021F466 /* Release */,
			);
			defaultConfigurationIsVisible = 0;
			defaultConfigurationName = Release;
		};
		8EA69A1E1C913C980021F466 /* Build configuration list for PBXNativeTarget "Virtual Tourist UdacityUITests" */ = {
			isa = XCConfigurationList;
			buildConfigurations = (
				8EA69A1F1C913C980021F466 /* Debug */,
				8EA69A201C913C980021F466 /* Release */,
			);
			defaultConfigurationIsVisible = 0;
			defaultConfigurationName = Release;
		};
/* End XCConfigurationList section */

/* Begin XCVersionGroup section */
		8EA699F71C913C980021F466 /* Virtual_Tourist_Udacity.xcdatamodeld */ = {
			isa = XCVersionGroup;
			children = (
				8EA699F81C913C980021F466 /* Virtual_Tourist_Udacity.xcdatamodel */,
			);
			currentVersion = 8EA699F81C913C980021F466 /* Virtual_Tourist_Udacity.xcdatamodel */;
			path = Virtual_Tourist_Udacity.xcdatamodeld;
			sourceTree = "<group>";
			versionGroupType = wrapper.xcdatamodel;
		};
/* End XCVersionGroup section */
	};
	rootObject = 8EA699E51C913C980021F466 /* Project object */;
}
